// !$*UTF8*$!
{
	archiveVersion = 1;
	classes = {
	};
	objectVersion = 46;
	objects = {

/* Begin PBXBuildFile section */
		5C058305E385C555D82D18A3 /* Pods_Keddr.framework in Frameworks */ = {isa = PBXBuildFile; fileRef = 09C60ADFA7E88358D3EF6ED0 /* Pods_Keddr.framework */; };
		FA049A501F5AA1220078841E /* StreatchyHeader.swift in Sources */ = {isa = PBXBuildFile; fileRef = FA049A4E1F5AA04B0078841E /* StreatchyHeader.swift */; };
		FA0FD7EF1F716A560097A421 /* AuthClient.swift in Sources */ = {isa = PBXBuildFile; fileRef = FA0FD7EE1F716A560097A421 /* AuthClient.swift */; };
		FA0FD7F11F716B8B0097A421 /* FetchUserId.swift in Sources */ = {isa = PBXBuildFile; fileRef = FA0FD7F01F716B8B0097A421 /* FetchUserId.swift */; };
		FA10C1061F330E69008582E4 /* CSImageView.swift in Sources */ = {isa = PBXBuildFile; fileRef = FA10C1051F330E69008582E4 /* CSImageView.swift */; };
		FA1397B01F6BF7C200B70F93 /* Assets.xcassets in Resources */ = {isa = PBXBuildFile; fileRef = FA1397AF1F6BF73C00B70F93 /* Assets.xcassets */; };
		FA1397B21F6BFEFD00B70F93 /* CategorySlider.swift in Sources */ = {isa = PBXBuildFile; fileRef = FA1397B11F6BFEFD00B70F93 /* CategorySlider.swift */; };
		FA1619F11F294C5A00FDEB48 /* UIView+drawShadow.swift in Sources */ = {isa = PBXBuildFile; fileRef = FA1619F01F294C5A00FDEB48 /* UIView+drawShadow.swift */; };
		FA1945321F5BDD8700FC9CCD /* CircleButton.swift in Sources */ = {isa = PBXBuildFile; fileRef = FA1945311F5BDD8700FC9CCD /* CircleButton.swift */; };
		FA1D3FCD1F3333BD003385F0 /* UIView+LayoutHelpers.swift in Sources */ = {isa = PBXBuildFile; fileRef = FA1D3FCC1F3333BD003385F0 /* UIView+LayoutHelpers.swift */; };
		FA23B13B1F691F1400B345E6 /* OverlapLayout.swift in Sources */ = {isa = PBXBuildFile; fileRef = FA23B13A1F691F1400B345E6 /* OverlapLayout.swift */; };
		FA2723341F27301E00458288 /* FetchFeed.swift in Sources */ = {isa = PBXBuildFile; fileRef = FA2723331F27301E00458288 /* FetchFeed.swift */; };
		FA284FFB1F7281FE0068F02B /* ApiError.swift in Sources */ = {isa = PBXBuildFile; fileRef = FA284FFA1F7281FE0068F02B /* ApiError.swift */; };
		FA284FFD1F7285B20068F02B /* Int+isSuccessHttpCode.swift in Sources */ = {isa = PBXBuildFile; fileRef = FA284FFC1F7285B20068F02B /* Int+isSuccessHttpCode.swift */; };
		FA284FFF1F7289160068F02B /* UserCredentials.swift in Sources */ = {isa = PBXBuildFile; fileRef = FA284FFE1F7289160068F02B /* UserCredentials.swift */; };
		FA29A0481F57E433001779D3 /* FotoramaCell.swift in Sources */ = {isa = PBXBuildFile; fileRef = FA29A0471F57E433001779D3 /* FotoramaCell.swift */; };
		FA29A04A1F57E447001779D3 /* ImageCell.swift in Sources */ = {isa = PBXBuildFile; fileRef = FA29A0491F57E447001779D3 /* ImageCell.swift */; };
		FA29A04C1F57E53C001779D3 /* TableCell.swift in Sources */ = {isa = PBXBuildFile; fileRef = FA29A04B1F57E53C001779D3 /* TableCell.swift */; };
		FA2C55DA1F2338E100430C1F /* AppDelegate.swift in Sources */ = {isa = PBXBuildFile; fileRef = FA2C55D91F2338E100430C1F /* AppDelegate.swift */; };
		FA2C55DF1F2338E100430C1F /* Main.storyboard in Resources */ = {isa = PBXBuildFile; fileRef = FA2C55DD1F2338E100430C1F /* Main.storyboard */; };
		FA2C55E21F2338E100430C1F /* Keddr.xcdatamodeld in Sources */ = {isa = PBXBuildFile; fileRef = FA2C55E01F2338E100430C1F /* Keddr.xcdatamodeld */; };
		FA2C55E71F2338E100430C1F /* LaunchScreen.storyboard in Resources */ = {isa = PBXBuildFile; fileRef = FA2C55E51F2338E100430C1F /* LaunchScreen.storyboard */; };
		FA2C55F31F233AB600430C1F /* MainVC.swift in Sources */ = {isa = PBXBuildFile; fileRef = FA2C55F21F233AB600430C1F /* MainVC.swift */; };
		FA2C55F61F233E8E00430C1F /* FetchPosts.swift in Sources */ = {isa = PBXBuildFile; fileRef = FA2C55F51F233E8E00430C1F /* FetchPosts.swift */; };
		FA2C55F81F23668D00430C1F /* Post.swift in Sources */ = {isa = PBXBuildFile; fileRef = FA2C55F71F23668D00430C1F /* Post.swift */; };
		FA34D8311F6C0D38000364F3 /* CategoryCell.swift in Sources */ = {isa = PBXBuildFile; fileRef = FA34D8301F6C0D38000364F3 /* CategoryCell.swift */; };
		FA50CB831F727A8100B74192 /* User.swift in Sources */ = {isa = PBXBuildFile; fileRef = FA50CB821F727A8100B74192 /* User.swift */; };
		FA582C801F6B9F6000466C3E /* CommentsVC.swift in Sources */ = {isa = PBXBuildFile; fileRef = FA582C7F1F6B9F6000466C3E /* CommentsVC.swift */; };
		FA5A71F31F697F620076E444 /* PageStatistics.swift in Sources */ = {isa = PBXBuildFile; fileRef = FA5A71F21F697F620076E444 /* PageStatistics.swift */; };
		FA5E0FBD1F56A9B000581288 /* VideoCell.swift in Sources */ = {isa = PBXBuildFile; fileRef = FA5E0FBC1F56A9B000581288 /* VideoCell.swift */; };
		FA5EC5831F27522900E160F7 /* FeedElement.swift in Sources */ = {isa = PBXBuildFile; fileRef = FA5EC5821F27522900E160F7 /* FeedElement.swift */; };
		FA9958001F67B35A002B8800 /* MenuCell.swift in Sources */ = {isa = PBXBuildFile; fileRef = FA9957FF1F67B35A002B8800 /* MenuCell.swift */; };
		FAAB50991F67F39800C3ECDE /* SavedImage.swift in Sources */ = {isa = PBXBuildFile; fileRef = FAAB50981F67F39800C3ECDE /* SavedImage.swift */; };
		FAB279B71F2887A300FB904E /* Gilroy-ExtraBold.otf in Resources */ = {isa = PBXBuildFile; fileRef = FAB279B61F2887A300FB904E /* Gilroy-ExtraBold.otf */; };
		FAB279BB1F288A0200FB904E /* OpenSansCondensed-Bold.ttf in Resources */ = {isa = PBXBuildFile; fileRef = FAB279B81F288A0200FB904E /* OpenSansCondensed-Bold.ttf */; };
		FAB279BC1F288A0200FB904E /* OpenSansCondensed-Light.ttf in Resources */ = {isa = PBXBuildFile; fileRef = FAB279B91F288A0200FB904E /* OpenSansCondensed-Light.ttf */; };
		FAB279BD1F288A0200FB904E /* OpenSansCondensed-LightItalic.ttf in Resources */ = {isa = PBXBuildFile; fileRef = FAB279BA1F288A0200FB904E /* OpenSansCondensed-LightItalic.ttf */; };
		FAB279C31F288B6500FB904E /* YanoneKaffeesatz-Bold.ttf in Resources */ = {isa = PBXBuildFile; fileRef = FAB279BF1F288B6500FB904E /* YanoneKaffeesatz-Bold.ttf */; };
		FAB279C41F288B6500FB904E /* YanoneKaffeesatz-ExtraLight.ttf in Resources */ = {isa = PBXBuildFile; fileRef = FAB279C01F288B6500FB904E /* YanoneKaffeesatz-ExtraLight.ttf */; };
		FAB279C51F288B6500FB904E /* YanoneKaffeesatz-Light.ttf in Resources */ = {isa = PBXBuildFile; fileRef = FAB279C11F288B6500FB904E /* YanoneKaffeesatz-Light.ttf */; };
		FAB279C61F288B6500FB904E /* YanoneKaffeesatz-Regular.ttf in Resources */ = {isa = PBXBuildFile; fileRef = FAB279C21F288B6500FB904E /* YanoneKaffeesatz-Regular.ttf */; };
		FAB279CA1F28CA0A00FB904E /* Comfortaa-Bold.ttf in Resources */ = {isa = PBXBuildFile; fileRef = FAB279C71F28CA0A00FB904E /* Comfortaa-Bold.ttf */; };
		FAB279CB1F28CA0A00FB904E /* Comfortaa-Light.ttf in Resources */ = {isa = PBXBuildFile; fileRef = FAB279C81F28CA0A00FB904E /* Comfortaa-Light.ttf */; };
		FAB279CC1F28CA0A00FB904E /* Comfortaa-Regular.ttf in Resources */ = {isa = PBXBuildFile; fileRef = FAB279C91F28CA0A00FB904E /* Comfortaa-Regular.ttf */; };
		FAB279CE1F293C2000FB904E /* UltraVisualLayot.swift in Sources */ = {isa = PBXBuildFile; fileRef = FAB279CD1F293C2000FB904E /* UltraVisualLayot.swift */; };
		FAB552671F59442400618892 /* FeedHeader.swift in Sources */ = {isa = PBXBuildFile; fileRef = FAB552661F59442400618892 /* FeedHeader.swift */; };
		FAB67F181F237FA0003184ED /* PostCell.swift in Sources */ = {isa = PBXBuildFile; fileRef = FAB67F171F237FA0003184ED /* PostCell.swift */; };
		FABA190D1F6813B60047BCE3 /* SavedPost+sortedFeed.swift in Sources */ = {isa = PBXBuildFile; fileRef = FABA190C1F6813B60047BCE3 /* SavedPost+sortedFeed.swift */; };
		FABA190F1F6817DE0047BCE3 /* FeedElement+findOrCreateFeedElement.swift in Sources */ = {isa = PBXBuildFile; fileRef = FABA190E1F6817DE0047BCE3 /* FeedElement+findOrCreateFeedElement.swift */; };
		FABA19111F682F9F0047BCE3 /* Date+beautyDate.swift in Sources */ = {isa = PBXBuildFile; fileRef = FABA19101F682F9F0047BCE3 /* Date+beautyDate.swift */; };
		FABB62011F6833C0009FF354 /* Post+CreateSavedPost.swift in Sources */ = {isa = PBXBuildFile; fileRef = FABB62001F6833C0009FF354 /* Post+CreateSavedPost.swift */; };
		FABB62031F690546009FF354 /* Color.swift in Sources */ = {isa = PBXBuildFile; fileRef = FABB62021F690546009FF354 /* Color.swift */; };
		FAD0E43E1F6BA168000FEEA0 /* FetchComments.swift in Sources */ = {isa = PBXBuildFile; fileRef = FAD0E43D1F6BA168000FEEA0 /* FetchComments.swift */; };
		FAD0E4411F6BA1D9000FEEA0 /* Comment.swift in Sources */ = {isa = PBXBuildFile; fileRef = FAD0E4401F6BA1D9000FEEA0 /* Comment.swift */; };
		FAD5BBD61F729232007944E5 /* CSTextField.swift in Sources */ = {isa = PBXBuildFile; fileRef = FAD5BBD51F729232007944E5 /* CSTextField.swift */; };
		FAD5BBD81F72BF83007944E5 /* DotsView.swift in Sources */ = {isa = PBXBuildFile; fileRef = FAD5BBD71F72BF83007944E5 /* DotsView.swift */; };
		FAEA1DA31F6D0B5C006EDF57 /* CommentCell.swift in Sources */ = {isa = PBXBuildFile; fileRef = FAEA1DA21F6D0B5C006EDF57 /* CommentCell.swift */; };
		FAEC1AA11F6FA8F8005E45B1 /* LoginVC.swift in Sources */ = {isa = PBXBuildFile; fileRef = FAEC1AA01F6FA8F8005E45B1 /* LoginVC.swift */; };
		FAF02A841F627CE30076A156 /* MenuView.swift in Sources */ = {isa = PBXBuildFile; fileRef = FAF02A831F627CE30076A156 /* MenuView.swift */; };
		FAF192351F67EEA500548384 /* SizeCalculation.swift in Sources */ = {isa = PBXBuildFile; fileRef = FAF192341F67EEA500548384 /* SizeCalculation.swift */; };
		FAF192371F67EEE000548384 /* Font.swift in Sources */ = {isa = PBXBuildFile; fileRef = FAF192361F67EEE000548384 /* Font.swift */; };
		FAF192391F67EF6700548384 /* String+encodingCharacters.swift in Sources */ = {isa = PBXBuildFile; fileRef = FAF192381F67EF6700548384 /* String+encodingCharacters.swift */; };
		FAF1F79C1F568FCB00BB31E7 /* DetailVC.swift in Sources */ = {isa = PBXBuildFile; fileRef = FAF1F79B1F568FCB00BB31E7 /* DetailVC.swift */; };
		FAF84B261F67FC1A002A22F4 /* Post+FindSavedPost.swift in Sources */ = {isa = PBXBuildFile; fileRef = FAF84B251F67FC1A002A22F4 /* Post+FindSavedPost.swift */; };
		FAF9D9291F5699630059050C /* FeedCell.swift in Sources */ = {isa = PBXBuildFile; fileRef = FAF9D9281F5699630059050C /* FeedCell.swift */; };
		FAF9D92B1F569B640059050C /* ParagraphCell.swift in Sources */ = {isa = PBXBuildFile; fileRef = FAF9D92A1F569B640059050C /* ParagraphCell.swift */; };
		FAF9D92D1F569BFC0059050C /* Header2Cell.swift in Sources */ = {isa = PBXBuildFile; fileRef = FAF9D92C1F569BFC0059050C /* Header2Cell.swift */; };
		FAF9D92F1F56A71C0059050C /* BaseCell.swift in Sources */ = {isa = PBXBuildFile; fileRef = FAF9D92E1F56A71C0059050C /* BaseCell.swift */; };
/* End PBXBuildFile section */

/* Begin PBXFileReference section */
		09C60ADFA7E88358D3EF6ED0 /* Pods_Keddr.framework */ = {isa = PBXFileReference; explicitFileType = wrapper.framework; includeInIndex = 0; path = Pods_Keddr.framework; sourceTree = BUILT_PRODUCTS_DIR; };
		D889D8C716D677987AA722F5 /* Pods-Keddr.debug.xcconfig */ = {isa = PBXFileReference; includeInIndex = 1; lastKnownFileType = text.xcconfig; name = "Pods-Keddr.debug.xcconfig"; path = "Pods/Target Support Files/Pods-Keddr/Pods-Keddr.debug.xcconfig"; sourceTree = "<group>"; };
		F43D8F50AFBD258B6CEF7A8B /* Pods-Keddr.release.xcconfig */ = {isa = PBXFileReference; includeInIndex = 1; lastKnownFileType = text.xcconfig; name = "Pods-Keddr.release.xcconfig"; path = "Pods/Target Support Files/Pods-Keddr/Pods-Keddr.release.xcconfig"; sourceTree = "<group>"; };
		FA049A4E1F5AA04B0078841E /* StreatchyHeader.swift */ = {isa = PBXFileReference; lastKnownFileType = sourcecode.swift; path = StreatchyHeader.swift; sourceTree = "<group>"; };
		FA0FD7EE1F716A560097A421 /* AuthClient.swift */ = {isa = PBXFileReference; lastKnownFileType = sourcecode.swift; path = AuthClient.swift; sourceTree = "<group>"; };
		FA0FD7F01F716B8B0097A421 /* FetchUserId.swift */ = {isa = PBXFileReference; lastKnownFileType = sourcecode.swift; path = FetchUserId.swift; sourceTree = "<group>"; };
		FA10C1051F330E69008582E4 /* CSImageView.swift */ = {isa = PBXFileReference; lastKnownFileType = sourcecode.swift; path = CSImageView.swift; sourceTree = "<group>"; };
		FA1397AF1F6BF73C00B70F93 /* Assets.xcassets */ = {isa = PBXFileReference; lastKnownFileType = folder.assetcatalog; path = Assets.xcassets; sourceTree = "<group>"; };
		FA1397B11F6BFEFD00B70F93 /* CategorySlider.swift */ = {isa = PBXFileReference; lastKnownFileType = sourcecode.swift; path = CategorySlider.swift; sourceTree = "<group>"; };
		FA1619F01F294C5A00FDEB48 /* UIView+drawShadow.swift */ = {isa = PBXFileReference; fileEncoding = 4; lastKnownFileType = sourcecode.swift; path = "UIView+drawShadow.swift"; sourceTree = "<group>"; };
		FA1945311F5BDD8700FC9CCD /* CircleButton.swift */ = {isa = PBXFileReference; lastKnownFileType = sourcecode.swift; path = CircleButton.swift; sourceTree = "<group>"; };
		FA1D3FCC1F3333BD003385F0 /* UIView+LayoutHelpers.swift */ = {isa = PBXFileReference; lastKnownFileType = sourcecode.swift; path = "UIView+LayoutHelpers.swift"; sourceTree = "<group>"; };
		FA23B13A1F691F1400B345E6 /* OverlapLayout.swift */ = {isa = PBXFileReference; lastKnownFileType = sourcecode.swift; path = OverlapLayout.swift; sourceTree = "<group>"; };
		FA2723331F27301E00458288 /* FetchFeed.swift */ = {isa = PBXFileReference; fileEncoding = 4; lastKnownFileType = sourcecode.swift; path = FetchFeed.swift; sourceTree = "<group>"; };
		FA284FFA1F7281FE0068F02B /* ApiError.swift */ = {isa = PBXFileReference; lastKnownFileType = sourcecode.swift; path = ApiError.swift; sourceTree = "<group>"; };
		FA284FFC1F7285B20068F02B /* Int+isSuccessHttpCode.swift */ = {isa = PBXFileReference; lastKnownFileType = sourcecode.swift; path = "Int+isSuccessHttpCode.swift"; sourceTree = "<group>"; };
		FA284FFE1F7289160068F02B /* UserCredentials.swift */ = {isa = PBXFileReference; lastKnownFileType = sourcecode.swift; path = UserCredentials.swift; sourceTree = "<group>"; };
		FA29A0471F57E433001779D3 /* FotoramaCell.swift */ = {isa = PBXFileReference; lastKnownFileType = sourcecode.swift; path = FotoramaCell.swift; sourceTree = "<group>"; };
		FA29A0491F57E447001779D3 /* ImageCell.swift */ = {isa = PBXFileReference; lastKnownFileType = sourcecode.swift; path = ImageCell.swift; sourceTree = "<group>"; };
		FA29A04B1F57E53C001779D3 /* TableCell.swift */ = {isa = PBXFileReference; lastKnownFileType = sourcecode.swift; path = TableCell.swift; sourceTree = "<group>"; };
		FA2C55D61F2338E100430C1F /* Keddr.app */ = {isa = PBXFileReference; explicitFileType = wrapper.application; includeInIndex = 0; path = Keddr.app; sourceTree = BUILT_PRODUCTS_DIR; };
		FA2C55D91F2338E100430C1F /* AppDelegate.swift */ = {isa = PBXFileReference; lastKnownFileType = sourcecode.swift; path = AppDelegate.swift; sourceTree = "<group>"; };
		FA2C55DE1F2338E100430C1F /* Base */ = {isa = PBXFileReference; lastKnownFileType = file.storyboard; name = Base; path = Base.lproj/Main.storyboard; sourceTree = "<group>"; };
		FA2C55E11F2338E100430C1F /* Keddr.xcdatamodel */ = {isa = PBXFileReference; lastKnownFileType = wrapper.xcdatamodel; path = Keddr.xcdatamodel; sourceTree = "<group>"; };
		FA2C55E61F2338E100430C1F /* Base */ = {isa = PBXFileReference; lastKnownFileType = file.storyboard; name = Base; path = Base.lproj/LaunchScreen.storyboard; sourceTree = "<group>"; };
		FA2C55E81F2338E100430C1F /* Info.plist */ = {isa = PBXFileReference; lastKnownFileType = text.plist.xml; path = Info.plist; sourceTree = "<group>"; };
		FA2C55F21F233AB600430C1F /* MainVC.swift */ = {isa = PBXFileReference; fileEncoding = 4; lastKnownFileType = sourcecode.swift; path = MainVC.swift; sourceTree = "<group>"; };
		FA2C55F51F233E8E00430C1F /* FetchPosts.swift */ = {isa = PBXFileReference; fileEncoding = 4; lastKnownFileType = sourcecode.swift; path = FetchPosts.swift; sourceTree = "<group>"; };
		FA2C55F71F23668D00430C1F /* Post.swift */ = {isa = PBXFileReference; fileEncoding = 4; lastKnownFileType = sourcecode.swift; path = Post.swift; sourceTree = "<group>"; };
		FA34D8301F6C0D38000364F3 /* CategoryCell.swift */ = {isa = PBXFileReference; lastKnownFileType = sourcecode.swift; path = CategoryCell.swift; sourceTree = "<group>"; };
		FA50CB821F727A8100B74192 /* User.swift */ = {isa = PBXFileReference; lastKnownFileType = sourcecode.swift; path = User.swift; sourceTree = "<group>"; };
		FA582C7F1F6B9F6000466C3E /* CommentsVC.swift */ = {isa = PBXFileReference; lastKnownFileType = sourcecode.swift; path = CommentsVC.swift; sourceTree = "<group>"; };
		FA5A71F21F697F620076E444 /* PageStatistics.swift */ = {isa = PBXFileReference; lastKnownFileType = sourcecode.swift; path = PageStatistics.swift; sourceTree = "<group>"; };
		FA5E0FBC1F56A9B000581288 /* VideoCell.swift */ = {isa = PBXFileReference; lastKnownFileType = sourcecode.swift; path = VideoCell.swift; sourceTree = "<group>"; };
		FA5EC5821F27522900E160F7 /* FeedElement.swift */ = {isa = PBXFileReference; fileEncoding = 4; lastKnownFileType = sourcecode.swift; path = FeedElement.swift; sourceTree = "<group>"; };
		FA9957FF1F67B35A002B8800 /* MenuCell.swift */ = {isa = PBXFileReference; lastKnownFileType = sourcecode.swift; path = MenuCell.swift; sourceTree = "<group>"; };
		FAAB50981F67F39800C3ECDE /* SavedImage.swift */ = {isa = PBXFileReference; lastKnownFileType = sourcecode.swift; path = SavedImage.swift; sourceTree = "<group>"; };
		FAB279B61F2887A300FB904E /* Gilroy-ExtraBold.otf */ = {isa = PBXFileReference; lastKnownFileType = file; path = "Gilroy-ExtraBold.otf"; sourceTree = "<group>"; };
		FAB279B81F288A0200FB904E /* OpenSansCondensed-Bold.ttf */ = {isa = PBXFileReference; lastKnownFileType = file; path = "OpenSansCondensed-Bold.ttf"; sourceTree = "<group>"; };
		FAB279B91F288A0200FB904E /* OpenSansCondensed-Light.ttf */ = {isa = PBXFileReference; lastKnownFileType = file; path = "OpenSansCondensed-Light.ttf"; sourceTree = "<group>"; };
		FAB279BA1F288A0200FB904E /* OpenSansCondensed-LightItalic.ttf */ = {isa = PBXFileReference; lastKnownFileType = file; path = "OpenSansCondensed-LightItalic.ttf"; sourceTree = "<group>"; };
		FAB279BF1F288B6500FB904E /* YanoneKaffeesatz-Bold.ttf */ = {isa = PBXFileReference; lastKnownFileType = file; path = "YanoneKaffeesatz-Bold.ttf"; sourceTree = "<group>"; };
		FAB279C01F288B6500FB904E /* YanoneKaffeesatz-ExtraLight.ttf */ = {isa = PBXFileReference; lastKnownFileType = file; path = "YanoneKaffeesatz-ExtraLight.ttf"; sourceTree = "<group>"; };
		FAB279C11F288B6500FB904E /* YanoneKaffeesatz-Light.ttf */ = {isa = PBXFileReference; lastKnownFileType = file; path = "YanoneKaffeesatz-Light.ttf"; sourceTree = "<group>"; };
		FAB279C21F288B6500FB904E /* YanoneKaffeesatz-Regular.ttf */ = {isa = PBXFileReference; lastKnownFileType = file; path = "YanoneKaffeesatz-Regular.ttf"; sourceTree = "<group>"; };
		FAB279C71F28CA0A00FB904E /* Comfortaa-Bold.ttf */ = {isa = PBXFileReference; lastKnownFileType = file; path = "Comfortaa-Bold.ttf"; sourceTree = "<group>"; };
		FAB279C81F28CA0A00FB904E /* Comfortaa-Light.ttf */ = {isa = PBXFileReference; lastKnownFileType = file; path = "Comfortaa-Light.ttf"; sourceTree = "<group>"; };
		FAB279C91F28CA0A00FB904E /* Comfortaa-Regular.ttf */ = {isa = PBXFileReference; lastKnownFileType = file; path = "Comfortaa-Regular.ttf"; sourceTree = "<group>"; };
		FAB279CD1F293C2000FB904E /* UltraVisualLayot.swift */ = {isa = PBXFileReference; fileEncoding = 4; lastKnownFileType = sourcecode.swift; path = UltraVisualLayot.swift; sourceTree = "<group>"; };
		FAB552661F59442400618892 /* FeedHeader.swift */ = {isa = PBXFileReference; lastKnownFileType = sourcecode.swift; path = FeedHeader.swift; sourceTree = "<group>"; };
		FAB67F171F237FA0003184ED /* PostCell.swift */ = {isa = PBXFileReference; fileEncoding = 4; lastKnownFileType = sourcecode.swift; path = PostCell.swift; sourceTree = "<group>"; };
		FABA190C1F6813B60047BCE3 /* SavedPost+sortedFeed.swift */ = {isa = PBXFileReference; lastKnownFileType = sourcecode.swift; path = "SavedPost+sortedFeed.swift"; sourceTree = "<group>"; };
		FABA190E1F6817DE0047BCE3 /* FeedElement+findOrCreateFeedElement.swift */ = {isa = PBXFileReference; lastKnownFileType = sourcecode.swift; path = "FeedElement+findOrCreateFeedElement.swift"; sourceTree = "<group>"; };
		FABA19101F682F9F0047BCE3 /* Date+beautyDate.swift */ = {isa = PBXFileReference; lastKnownFileType = sourcecode.swift; path = "Date+beautyDate.swift"; sourceTree = "<group>"; };
		FABB62001F6833C0009FF354 /* Post+CreateSavedPost.swift */ = {isa = PBXFileReference; lastKnownFileType = sourcecode.swift; path = "Post+CreateSavedPost.swift"; sourceTree = "<group>"; };
		FABB62021F690546009FF354 /* Color.swift */ = {isa = PBXFileReference; lastKnownFileType = sourcecode.swift; path = Color.swift; sourceTree = "<group>"; };
		FAD0E43D1F6BA168000FEEA0 /* FetchComments.swift */ = {isa = PBXFileReference; lastKnownFileType = sourcecode.swift; path = FetchComments.swift; sourceTree = "<group>"; };
		FAD0E4401F6BA1D9000FEEA0 /* Comment.swift */ = {isa = PBXFileReference; lastKnownFileType = sourcecode.swift; path = Comment.swift; sourceTree = "<group>"; };
		FAD5BBD51F729232007944E5 /* CSTextField.swift */ = {isa = PBXFileReference; lastKnownFileType = sourcecode.swift; path = CSTextField.swift; sourceTree = "<group>"; };
		FAD5BBD71F72BF83007944E5 /* DotsView.swift */ = {isa = PBXFileReference; lastKnownFileType = sourcecode.swift; path = DotsView.swift; sourceTree = "<group>"; };
		FAEA1DA21F6D0B5C006EDF57 /* CommentCell.swift */ = {isa = PBXFileReference; lastKnownFileType = sourcecode.swift; path = CommentCell.swift; sourceTree = "<group>"; };
		FAEC1AA01F6FA8F8005E45B1 /* LoginVC.swift */ = {isa = PBXFileReference; lastKnownFileType = sourcecode.swift; path = LoginVC.swift; sourceTree = "<group>"; };
		FAF02A831F627CE30076A156 /* MenuView.swift */ = {isa = PBXFileReference; lastKnownFileType = sourcecode.swift; path = MenuView.swift; sourceTree = "<group>"; };
		FAF192341F67EEA500548384 /* SizeCalculation.swift */ = {isa = PBXFileReference; lastKnownFileType = sourcecode.swift; path = SizeCalculation.swift; sourceTree = "<group>"; };
		FAF192361F67EEE000548384 /* Font.swift */ = {isa = PBXFileReference; lastKnownFileType = sourcecode.swift; path = Font.swift; sourceTree = "<group>"; };
		FAF192381F67EF6700548384 /* String+encodingCharacters.swift */ = {isa = PBXFileReference; lastKnownFileType = sourcecode.swift; path = "String+encodingCharacters.swift"; sourceTree = "<group>"; };
		FAF1F79B1F568FCB00BB31E7 /* DetailVC.swift */ = {isa = PBXFileReference; lastKnownFileType = sourcecode.swift; path = DetailVC.swift; sourceTree = "<group>"; };
		FAF84B251F67FC1A002A22F4 /* Post+FindSavedPost.swift */ = {isa = PBXFileReference; lastKnownFileType = sourcecode.swift; path = "Post+FindSavedPost.swift"; sourceTree = "<group>"; };
		FAF9D9281F5699630059050C /* FeedCell.swift */ = {isa = PBXFileReference; lastKnownFileType = sourcecode.swift; path = FeedCell.swift; sourceTree = "<group>"; };
		FAF9D92A1F569B640059050C /* ParagraphCell.swift */ = {isa = PBXFileReference; lastKnownFileType = sourcecode.swift; path = ParagraphCell.swift; sourceTree = "<group>"; };
		FAF9D92C1F569BFC0059050C /* Header2Cell.swift */ = {isa = PBXFileReference; lastKnownFileType = sourcecode.swift; path = Header2Cell.swift; sourceTree = "<group>"; };
		FAF9D92E1F56A71C0059050C /* BaseCell.swift */ = {isa = PBXFileReference; lastKnownFileType = sourcecode.swift; path = BaseCell.swift; sourceTree = "<group>"; };
/* End PBXFileReference section */

/* Begin PBXFrameworksBuildPhase section */
		FA2C55D31F2338E100430C1F /* Frameworks */ = {
			isa = PBXFrameworksBuildPhase;
			buildActionMask = 2147483647;
			files = (
				5C058305E385C555D82D18A3 /* Pods_Keddr.framework in Frameworks */,
			);
			runOnlyForDeploymentPostprocessing = 0;
		};
/* End PBXFrameworksBuildPhase section */

/* Begin PBXGroup section */
		3A3CA317D328223B22835FB8 /* Pods */ = {
			isa = PBXGroup;
			children = (
				D889D8C716D677987AA722F5 /* Pods-Keddr.debug.xcconfig */,
				F43D8F50AFBD258B6CEF7A8B /* Pods-Keddr.release.xcconfig */,
			);
			name = Pods;
			sourceTree = "<group>";
		};
		6DE936C1D67B40C33135858B /* Frameworks */ = {
			isa = PBXGroup;
			children = (
				09C60ADFA7E88358D3EF6ED0 /* Pods_Keddr.framework */,
			);
			name = Frameworks;
			sourceTree = "<group>";
		};
		FA0DEFB31F6F044100784F2D /* Models */ = {
			isa = PBXGroup;
			children = (
				FAF192341F67EEA500548384 /* SizeCalculation.swift */,
				FAF192361F67EEE000548384 /* Font.swift */,
				FABB62021F690546009FF354 /* Color.swift */,
			);
			name = Models;
			sourceTree = "<group>";
		};
		FA19452E1F5BD65500FC9CCD /* Layouts */ = {
			isa = PBXGroup;
			children = (
				FA049A4E1F5AA04B0078841E /* StreatchyHeader.swift */,
				FAB279CD1F293C2000FB904E /* UltraVisualLayot.swift */,
				FA23B13A1F691F1400B345E6 /* OverlapLayout.swift */,
			);
			name = Layouts;
			sourceTree = "<group>";
		};
		FA2C55CD1F2338E100430C1F = {
			isa = PBXGroup;
			children = (
				FA2C55D81F2338E100430C1F /* Keddr */,
				FAB279BE1F288A0F00FB904E /* Resources */,
				FA2C55D71F2338E100430C1F /* Products */,
				3A3CA317D328223B22835FB8 /* Pods */,
				6DE936C1D67B40C33135858B /* Frameworks */,
			);
			sourceTree = "<group>";
		};
		FA2C55D71F2338E100430C1F /* Products */ = {
			isa = PBXGroup;
			children = (
				FA2C55D61F2338E100430C1F /* Keddr.app */,
			);
			name = Products;
			sourceTree = "<group>";
		};
		FA2C55D81F2338E100430C1F /* Keddr */ = {
			isa = PBXGroup;
			children = (
				FA19452E1F5BD65500FC9CCD /* Layouts */,
				FAF192331F67EE9200548384 /* GlobalHelpers */,
				FAF192321F67EDD800548384 /* Networking */,
				FAF192241F67EB1A00548384 /* Persistence */,
				FAF192251F67EB4600548384 /* PostsTape */,
				FAF192261F67EB5D00548384 /* PostDetails */,
				FA582C7E1F6B9F2900466C3E /* CommentsScreen */,
				FAEC1A9C1F6FA8C4005E45B1 /* LoginScreen */,
				FA2C55EE1F23390A00430C1F /* Supporting */,
			);
			path = Keddr;
			sourceTree = "<group>";
		};
		FA2C55EE1F23390A00430C1F /* Supporting */ = {
			isa = PBXGroup;
			children = (
				FA2C55D91F2338E100430C1F /* AppDelegate.swift */,
				FA1397AF1F6BF73C00B70F93 /* Assets.xcassets */,
				FA2C55E01F2338E100430C1F /* Keddr.xcdatamodeld */,
				FA2C55E81F2338E100430C1F /* Info.plist */,
				FA2C55E51F2338E100430C1F /* LaunchScreen.storyboard */,
				FA2C55DD1F2338E100430C1F /* Main.storyboard */,
			);
			name = Supporting;
			sourceTree = "<group>";
		};
		FA2C55F41F233E4800430C1F /* ApiService */ = {
			isa = PBXGroup;
			children = (
				FA2723331F27301E00458288 /* FetchFeed.swift */,
				FA2C55F51F233E8E00430C1F /* FetchPosts.swift */,
				FAD0E43D1F6BA168000FEEA0 /* FetchComments.swift */,
				FA0FD7F01F716B8B0097A421 /* FetchUserId.swift */,
			);
			name = ApiService;
			sourceTree = "<group>";
		};
		FA50CB801F727A1000B74192 /* Model */ = {
			isa = PBXGroup;
			children = (
				FA10C1051F330E69008582E4 /* CSImageView.swift */,
				FA50CB821F727A8100B74192 /* User.swift */,
				FA284FFA1F7281FE0068F02B /* ApiError.swift */,
				FA284FFE1F7289160068F02B /* UserCredentials.swift */,
			);
			name = Model;
			sourceTree = "<group>";
		};
		FA50CB811F727A1B00B74192 /* Authentication */ = {
			isa = PBXGroup;
			children = (
				FA0FD7EE1F716A560097A421 /* AuthClient.swift */,
			);
			name = Authentication;
			sourceTree = "<group>";
		};
		FA582C7E1F6B9F2900466C3E /* CommentsScreen */ = {
			isa = PBXGroup;
			children = (
				FA582C811F6B9F6400466C3E /* Controller */,
				FAD0E43F1F6BA1CE000FEEA0 /* Model */,
				FAEA1DA41F6D0B5F006EDF57 /* View */,
			);
			name = CommentsScreen;
			sourceTree = "<group>";
		};
		FA582C811F6B9F6400466C3E /* Controller */ = {
			isa = PBXGroup;
			children = (
				FA582C7F1F6B9F6000466C3E /* CommentsVC.swift */,
			);
			name = Controller;
			sourceTree = "<group>";
		};
		FAB279BE1F288A0F00FB904E /* Resources */ = {
			isa = PBXGroup;
			children = (
				FAB279C71F28CA0A00FB904E /* Comfortaa-Bold.ttf */,
				FAB279C81F28CA0A00FB904E /* Comfortaa-Light.ttf */,
				FAB279C91F28CA0A00FB904E /* Comfortaa-Regular.ttf */,
				FAB279BF1F288B6500FB904E /* YanoneKaffeesatz-Bold.ttf */,
				FAB279C01F288B6500FB904E /* YanoneKaffeesatz-ExtraLight.ttf */,
				FAB279C11F288B6500FB904E /* YanoneKaffeesatz-Light.ttf */,
				FAB279C21F288B6500FB904E /* YanoneKaffeesatz-Regular.ttf */,
				FAB279B81F288A0200FB904E /* OpenSansCondensed-Bold.ttf */,
				FAB279B91F288A0200FB904E /* OpenSansCondensed-Light.ttf */,
				FAB279BA1F288A0200FB904E /* OpenSansCondensed-LightItalic.ttf */,
				FAB279B61F2887A300FB904E /* Gilroy-ExtraBold.otf */,
			);
			name = Resources;
			path = Keddr;
			sourceTree = "<group>";
		};
		FAB773541F73C39A00C2BDB1 /* Extensions */ = {
			isa = PBXGroup;
			children = (
				FA284FFC1F7285B20068F02B /* Int+isSuccessHttpCode.swift */,
			);
			name = Extensions;
			sourceTree = "<group>";
		};
		FAD0E43F1F6BA1CE000FEEA0 /* Model */ = {
			isa = PBXGroup;
			children = (
				FAD0E4401F6BA1D9000FEEA0 /* Comment.swift */,
			);
			name = Model;
			sourceTree = "<group>";
		};
		FAEA1DA41F6D0B5F006EDF57 /* View */ = {
			isa = PBXGroup;
			children = (
				FAEA1DA21F6D0B5C006EDF57 /* CommentCell.swift */,
				FAD5BBD71F72BF83007944E5 /* DotsView.swift */,
			);
			name = View;
			sourceTree = "<group>";
		};
		FAEC1A9C1F6FA8C4005E45B1 /* LoginScreen */ = {
			isa = PBXGroup;
			children = (
				FAEC1A9D1F6FA8DA005E45B1 /* Controller */,
				FAEC1A9F1F6FA8E8005E45B1 /* View */,
			);
			name = LoginScreen;
			sourceTree = "<group>";
		};
		FAEC1A9D1F6FA8DA005E45B1 /* Controller */ = {
			isa = PBXGroup;
			children = (
				FAEC1AA01F6FA8F8005E45B1 /* LoginVC.swift */,
			);
			path = Controller;
			sourceTree = "<group>";
		};
		FAEC1A9F1F6FA8E8005E45B1 /* View */ = {
			isa = PBXGroup;
			children = (
				FAD5BBD51F729232007944E5 /* CSTextField.swift */,
			);
			path = View;
			sourceTree = "<group>";
		};
		FAF192241F67EB1A00548384 /* Persistence */ = {
			isa = PBXGroup;
			children = (
				FAF1923B1F67EFA800548384 /* Extensions */,
				FAF1923A1F67EFA200548384 /* Model */,
			);
			name = Persistence;
			sourceTree = "<group>";
		};
		FAF192251F67EB4600548384 /* PostsTape */ = {
			isa = PBXGroup;
			children = (
				FAF1922A1F67EBDA00548384 /* Controller */,
				FAF192271F67EB7F00548384 /* Model */,
				FAF192291F67EBCA00548384 /* View */,
			);
			name = PostsTape;
			sourceTree = "<group>";
		};
		FAF192261F67EB5D00548384 /* PostDetails */ = {
			isa = PBXGroup;
			children = (
				FAF192301F67EC1900548384 /* Controller */,
				FAF1922E1F67EC0B00548384 /* Model */,
				FAF1922F1F67EC1400548384 /* View */,
			);
			name = PostDetails;
			sourceTree = "<group>";
		};
		FAF192271F67EB7F00548384 /* Model */ = {
			isa = PBXGroup;
			children = (
				FA2C55F71F23668D00430C1F /* Post.swift */,
				FA5A71F21F697F620076E444 /* PageStatistics.swift */,
			);
			name = Model;
			sourceTree = "<group>";
		};
		FAF192291F67EBCA00548384 /* View */ = {
			isa = PBXGroup;
			children = (
				FAB67F171F237FA0003184ED /* PostCell.swift */,
				FAF02A831F627CE30076A156 /* MenuView.swift */,
				FA9957FF1F67B35A002B8800 /* MenuCell.swift */,
				FA1945311F5BDD8700FC9CCD /* CircleButton.swift */,
			);
			name = View;
			sourceTree = "<group>";
		};
		FAF1922A1F67EBDA00548384 /* Controller */ = {
			isa = PBXGroup;
			children = (
				FA2C55F21F233AB600430C1F /* MainVC.swift */,
			);
			name = Controller;
			sourceTree = "<group>";
		};
		FAF1922E1F67EC0B00548384 /* Model */ = {
			isa = PBXGroup;
			children = (
				FA5EC5821F27522900E160F7 /* FeedElement.swift */,
			);
			name = Model;
			sourceTree = "<group>";
		};
		FAF1922F1F67EC1400548384 /* View */ = {
			isa = PBXGroup;
			children = (
				FAB552661F59442400618892 /* FeedHeader.swift */,
				FA1397B11F6BFEFD00B70F93 /* CategorySlider.swift */,
				FAF9D92E1F56A71C0059050C /* BaseCell.swift */,
				FA34D8301F6C0D38000364F3 /* CategoryCell.swift */,
				FAF9D9251F56992A0059050C /* FeedCells */,
			);
			name = View;
			sourceTree = "<group>";
		};
		FAF192301F67EC1900548384 /* Controller */ = {
			isa = PBXGroup;
			children = (
				FAF1F79B1F568FCB00BB31E7 /* DetailVC.swift */,
			);
			name = Controller;
			sourceTree = "<group>";
		};
		FAF192311F67ECB800548384 /* Extensions */ = {
			isa = PBXGroup;
			children = (
				FA1D3FCC1F3333BD003385F0 /* UIView+LayoutHelpers.swift */,
				FA1619F01F294C5A00FDEB48 /* UIView+drawShadow.swift */,
				FAF192381F67EF6700548384 /* String+encodingCharacters.swift */,
				FABA19101F682F9F0047BCE3 /* Date+beautyDate.swift */,
			);
			name = Extensions;
			sourceTree = "<group>";
		};
		FAF192321F67EDD800548384 /* Networking */ = {
			isa = PBXGroup;
			children = (
				FA2C55F41F233E4800430C1F /* ApiService */,
				FA50CB811F727A1B00B74192 /* Authentication */,
				FAB773541F73C39A00C2BDB1 /* Extensions */,
				FA50CB801F727A1000B74192 /* Model */,
			);
			name = Networking;
			sourceTree = "<group>";
		};
		FAF192331F67EE9200548384 /* GlobalHelpers */ = {
			isa = PBXGroup;
			children = (
				FA0DEFB31F6F044100784F2D /* Models */,
				FAF192311F67ECB800548384 /* Extensions */,
			);
			name = GlobalHelpers;
			sourceTree = "<group>";
		};
		FAF1923A1F67EFA200548384 /* Model */ = {
			isa = PBXGroup;
			children = (
				FAAB50981F67F39800C3ECDE /* SavedImage.swift */,
			);
			name = Model;
			sourceTree = "<group>";
		};
		FAF1923B1F67EFA800548384 /* Extensions */ = {
			isa = PBXGroup;
			children = (
				FAF84B251F67FC1A002A22F4 /* Post+FindSavedPost.swift */,
				FABB62001F6833C0009FF354 /* Post+CreateSavedPost.swift */,
				FABA190C1F6813B60047BCE3 /* SavedPost+sortedFeed.swift */,
				FABA190E1F6817DE0047BCE3 /* FeedElement+findOrCreateFeedElement.swift */,
			);
			name = Extensions;
			sourceTree = "<group>";
		};
		FAF9D9251F56992A0059050C /* FeedCells */ = {
			isa = PBXGroup;
			children = (
				FAF9D9281F5699630059050C /* FeedCell.swift */,
				FAF9D92A1F569B640059050C /* ParagraphCell.swift */,
				FAF9D92C1F569BFC0059050C /* Header2Cell.swift */,
				FA5E0FBC1F56A9B000581288 /* VideoCell.swift */,
				FA29A0491F57E447001779D3 /* ImageCell.swift */,
				FA29A0471F57E433001779D3 /* FotoramaCell.swift */,
				FA29A04B1F57E53C001779D3 /* TableCell.swift */,
			);
			name = FeedCells;
			sourceTree = "<group>";
		};
/* End PBXGroup section */

/* Begin PBXNativeTarget section */
		FA2C55D51F2338E100430C1F /* Keddr */ = {
			isa = PBXNativeTarget;
			buildConfigurationList = FA2C55EB1F2338E100430C1F /* Build configuration list for PBXNativeTarget "Keddr" */;
			buildPhases = (
				2733FE63D9D6F81FDE6EC8C6 /* [CP] Check Pods Manifest.lock */,
				FA2C55D21F2338E100430C1F /* Sources */,
				FA2C55D31F2338E100430C1F /* Frameworks */,
				FA2C55D41F2338E100430C1F /* Resources */,
				779F927DCE238CEF30BB94D8 /* [CP] Embed Pods Frameworks */,
				D5D882E44F3B42A9E62536FC /* [CP] Copy Pods Resources */,
			);
			buildRules = (
			);
			dependencies = (
			);
			name = Keddr;
			productName = Keddr;
			productReference = FA2C55D61F2338E100430C1F /* Keddr.app */;
			productType = "com.apple.product-type.application";
		};
/* End PBXNativeTarget section */

/* Begin PBXProject section */
		FA2C55CE1F2338E100430C1F /* Project object */ = {
			isa = PBXProject;
			attributes = {
				LastSwiftUpdateCheck = 0830;
				LastUpgradeCheck = 0900;
				ORGANIZATIONNAME = DenisLitvin;
				TargetAttributes = {
					FA2C55D51F2338E100430C1F = {
						CreatedOnToolsVersion = 8.3.3;
						DevelopmentTeam = 899H4EHHS7;
						ProvisioningStyle = Automatic;
					};
				};
			};
			buildConfigurationList = FA2C55D11F2338E100430C1F /* Build configuration list for PBXProject "Keddr" */;
			compatibilityVersion = "Xcode 3.2";
			developmentRegion = English;
			hasScannedForEncodings = 0;
			knownRegions = (
				en,
				Base,
			);
			mainGroup = FA2C55CD1F2338E100430C1F;
			productRefGroup = FA2C55D71F2338E100430C1F /* Products */;
			projectDirPath = "";
			projectRoot = "";
			targets = (
				FA2C55D51F2338E100430C1F /* Keddr */,
			);
		};
/* End PBXProject section */

/* Begin PBXResourcesBuildPhase section */
		FA2C55D41F2338E100430C1F /* Resources */ = {
			isa = PBXResourcesBuildPhase;
			buildActionMask = 2147483647;
			files = (
				FAB279BD1F288A0200FB904E /* OpenSansCondensed-LightItalic.ttf in Resources */,
				FAB279C31F288B6500FB904E /* YanoneKaffeesatz-Bold.ttf in Resources */,
				FAB279BB1F288A0200FB904E /* OpenSansCondensed-Bold.ttf in Resources */,
				FAB279C51F288B6500FB904E /* YanoneKaffeesatz-Light.ttf in Resources */,
				FA1397B01F6BF7C200B70F93 /* Assets.xcassets in Resources */,
				FAB279CB1F28CA0A00FB904E /* Comfortaa-Light.ttf in Resources */,
				FA2C55E71F2338E100430C1F /* LaunchScreen.storyboard in Resources */,
				FAB279C61F288B6500FB904E /* YanoneKaffeesatz-Regular.ttf in Resources */,
				FAB279BC1F288A0200FB904E /* OpenSansCondensed-Light.ttf in Resources */,
				FAB279CA1F28CA0A00FB904E /* Comfortaa-Bold.ttf in Resources */,
				FAB279CC1F28CA0A00FB904E /* Comfortaa-Regular.ttf in Resources */,
				FA2C55DF1F2338E100430C1F /* Main.storyboard in Resources */,
				FAB279C41F288B6500FB904E /* YanoneKaffeesatz-ExtraLight.ttf in Resources */,
				FAB279B71F2887A300FB904E /* Gilroy-ExtraBold.otf in Resources */,
			);
			runOnlyForDeploymentPostprocessing = 0;
		};
/* End PBXResourcesBuildPhase section */

/* Begin PBXShellScriptBuildPhase section */
		2733FE63D9D6F81FDE6EC8C6 /* [CP] Check Pods Manifest.lock */ = {
			isa = PBXShellScriptBuildPhase;
			buildActionMask = 2147483647;
			files = (
			);
			inputPaths = (
				"${PODS_PODFILE_DIR_PATH}/Podfile.lock",
				"${PODS_ROOT}/Manifest.lock",
			);
			name = "[CP] Check Pods Manifest.lock";
			outputPaths = (
				"$(DERIVED_FILE_DIR)/Pods-Keddr-checkManifestLockResult.txt",
			);
			runOnlyForDeploymentPostprocessing = 0;
			shellPath = /bin/sh;
			shellScript = "diff \"${PODS_PODFILE_DIR_PATH}/Podfile.lock\" \"${PODS_ROOT}/Manifest.lock\" > /dev/null\nif [ $? != 0 ] ; then\n    # print error to STDERR\n    echo \"error: The sandbox is not in sync with the Podfile.lock. Run 'pod install' or update your CocoaPods installation.\" >&2\n    exit 1\nfi\n# This output is used by Xcode 'outputs' to avoid re-running this script phase.\necho \"SUCCESS\" > \"${SCRIPT_OUTPUT_FILE_0}\"\n";
			showEnvVarsInLog = 0;
		};
		779F927DCE238CEF30BB94D8 /* [CP] Embed Pods Frameworks */ = {
			isa = PBXShellScriptBuildPhase;
			buildActionMask = 2147483647;
			files = (
			);
			inputPaths = (
				"${SRCROOT}/Pods/Target Support Files/Pods-Keddr/Pods-Keddr-frameworks.sh",
				"${BUILT_PRODUCTS_DIR}/Kanna/Kanna.framework",
				"${BUILT_PRODUCTS_DIR}/KeychainAccess/KeychainAccess.framework",
			);
			name = "[CP] Embed Pods Frameworks";
			outputPaths = (
				"${TARGET_BUILD_DIR}/${FRAMEWORKS_FOLDER_PATH}/Kanna.framework",
				"${TARGET_BUILD_DIR}/${FRAMEWORKS_FOLDER_PATH}/KeychainAccess.framework",
			);
			runOnlyForDeploymentPostprocessing = 0;
			shellPath = /bin/sh;
			shellScript = "\"${SRCROOT}/Pods/Target Support Files/Pods-Keddr/Pods-Keddr-frameworks.sh\"\n";
			showEnvVarsInLog = 0;
		};
		D5D882E44F3B42A9E62536FC /* [CP] Copy Pods Resources */ = {
			isa = PBXShellScriptBuildPhase;
			buildActionMask = 2147483647;
			files = (
			);
			inputPaths = (
			);
			name = "[CP] Copy Pods Resources";
			outputPaths = (
			);
			runOnlyForDeploymentPostprocessing = 0;
			shellPath = /bin/sh;
			shellScript = "\"${SRCROOT}/Pods/Target Support Files/Pods-Keddr/Pods-Keddr-resources.sh\"\n";
			showEnvVarsInLog = 0;
		};
/* End PBXShellScriptBuildPhase section */

/* Begin PBXSourcesBuildPhase section */
		FA2C55D21F2338E100430C1F /* Sources */ = {
			isa = PBXSourcesBuildPhase;
			buildActionMask = 2147483647;
			files = (
				FAB279CE1F293C2000FB904E /* UltraVisualLayot.swift in Sources */,
				FA2C55DA1F2338E100430C1F /* AppDelegate.swift in Sources */,
				FA9958001F67B35A002B8800 /* MenuCell.swift in Sources */,
				FAEA1DA31F6D0B5C006EDF57 /* CommentCell.swift in Sources */,
				FABA190F1F6817DE0047BCE3 /* FeedElement+findOrCreateFeedElement.swift in Sources */,
				FABA19111F682F9F0047BCE3 /* Date+beautyDate.swift in Sources */,
				FA23B13B1F691F1400B345E6 /* OverlapLayout.swift in Sources */,
				FAF84B261F67FC1A002A22F4 /* Post+FindSavedPost.swift in Sources */,
				FAF192391F67EF6700548384 /* String+encodingCharacters.swift in Sources */,
				FAD0E4411F6BA1D9000FEEA0 /* Comment.swift in Sources */,
				FA1D3FCD1F3333BD003385F0 /* UIView+LayoutHelpers.swift in Sources */,
				FA5A71F31F697F620076E444 /* PageStatistics.swift in Sources */,
				FA2C55F61F233E8E00430C1F /* FetchPosts.swift in Sources */,
				FAF9D92F1F56A71C0059050C /* BaseCell.swift in Sources */,
				FAD5BBD81F72BF83007944E5 /* DotsView.swift in Sources */,
				FAEC1AA11F6FA8F8005E45B1 /* LoginVC.swift in Sources */,
				FA29A04A1F57E447001779D3 /* ImageCell.swift in Sources */,
				FAF9D92B1F569B640059050C /* ParagraphCell.swift in Sources */,
				FAF192371F67EEE000548384 /* Font.swift in Sources */,
				FAF02A841F627CE30076A156 /* MenuView.swift in Sources */,
				FA10C1061F330E69008582E4 /* CSImageView.swift in Sources */,
				FA284FFF1F7289160068F02B /* UserCredentials.swift in Sources */,
				FA50CB831F727A8100B74192 /* User.swift in Sources */,
				FA5EC5831F27522900E160F7 /* FeedElement.swift in Sources */,
				FA2723341F27301E00458288 /* FetchFeed.swift in Sources */,
				FABB62031F690546009FF354 /* Color.swift in Sources */,
				FAF9D92D1F569BFC0059050C /* Header2Cell.swift in Sources */,
				FA0FD7EF1F716A560097A421 /* AuthClient.swift in Sources */,
				FAAB50991F67F39800C3ECDE /* SavedImage.swift in Sources */,
				FA2C55F31F233AB600430C1F /* MainVC.swift in Sources */,
				FA284FFB1F7281FE0068F02B /* ApiError.swift in Sources */,
				FA1397B21F6BFEFD00B70F93 /* CategorySlider.swift in Sources */,
				FA1619F11F294C5A00FDEB48 /* UIView+drawShadow.swift in Sources */,
				FA2C55E21F2338E100430C1F /* Keddr.xcdatamodeld in Sources */,
				FA34D8311F6C0D38000364F3 /* CategoryCell.swift in Sources */,
				FA0FD7F11F716B8B0097A421 /* FetchUserId.swift in Sources */,
				FA5E0FBD1F56A9B000581288 /* VideoCell.swift in Sources */,
				FA582C801F6B9F6000466C3E /* CommentsVC.swift in Sources */,
				FA1945321F5BDD8700FC9CCD /* CircleButton.swift in Sources */,
				FA049A501F5AA1220078841E /* StreatchyHeader.swift in Sources */,
				FA284FFD1F7285B20068F02B /* Int+isSuccessHttpCode.swift in Sources */,
				FA2C55F81F23668D00430C1F /* Post.swift in Sources */,
				FAD0E43E1F6BA168000FEEA0 /* FetchComments.swift in Sources */,
				FAB552671F59442400618892 /* FeedHeader.swift in Sources */,
				FAD5BBD61F729232007944E5 /* CSTextField.swift in Sources */,
				FAF192351F67EEA500548384 /* SizeCalculation.swift in Sources */,
				FAB67F181F237FA0003184ED /* PostCell.swift in Sources */,
				FA29A04C1F57E53C001779D3 /* TableCell.swift in Sources */,
				FAF9D9291F5699630059050C /* FeedCell.swift in Sources */,
				FA29A0481F57E433001779D3 /* FotoramaCell.swift in Sources */,
				FABA190D1F6813B60047BCE3 /* SavedPost+sortedFeed.swift in Sources */,
				FABB62011F6833C0009FF354 /* Post+CreateSavedPost.swift in Sources */,
				FAF1F79C1F568FCB00BB31E7 /* DetailVC.swift in Sources */,
			);
			runOnlyForDeploymentPostprocessing = 0;
		};
/* End PBXSourcesBuildPhase section */

/* Begin PBXVariantGroup section */
		FA2C55DD1F2338E100430C1F /* Main.storyboard */ = {
			isa = PBXVariantGroup;
			children = (
				FA2C55DE1F2338E100430C1F /* Base */,
			);
			name = Main.storyboard;
			sourceTree = "<group>";
		};
		FA2C55E51F2338E100430C1F /* LaunchScreen.storyboard */ = {
			isa = PBXVariantGroup;
			children = (
				FA2C55E61F2338E100430C1F /* Base */,
			);
			name = LaunchScreen.storyboard;
			sourceTree = "<group>";
		};
/* End PBXVariantGroup section */

/* Begin XCBuildConfiguration section */
		FA2C55E91F2338E100430C1F /* Debug */ = {
			isa = XCBuildConfiguration;
			buildSettings = {
				ALWAYS_SEARCH_USER_PATHS = NO;
				CLANG_ANALYZER_NONNULL = YES;
				CLANG_ANALYZER_NUMBER_OBJECT_CONVERSION = YES_AGGRESSIVE;
				CLANG_CXX_LANGUAGE_STANDARD = "gnu++0x";
				CLANG_CXX_LIBRARY = "libc++";
				CLANG_ENABLE_MODULES = YES;
				CLANG_ENABLE_OBJC_ARC = YES;
				CLANG_WARN_BLOCK_CAPTURE_AUTORELEASING = YES;
				CLANG_WARN_BOOL_CONVERSION = YES;
				CLANG_WARN_COMMA = YES;
				CLANG_WARN_CONSTANT_CONVERSION = YES;
				CLANG_WARN_DIRECT_OBJC_ISA_USAGE = YES_ERROR;
				CLANG_WARN_DOCUMENTATION_COMMENTS = YES;
				CLANG_WARN_EMPTY_BODY = YES;
				CLANG_WARN_ENUM_CONVERSION = YES;
				CLANG_WARN_INFINITE_RECURSION = YES;
				CLANG_WARN_INT_CONVERSION = YES;
				CLANG_WARN_NON_LITERAL_NULL_CONVERSION = YES;
				CLANG_WARN_OBJC_LITERAL_CONVERSION = YES;
				CLANG_WARN_OBJC_ROOT_CLASS = YES_ERROR;
				CLANG_WARN_RANGE_LOOP_ANALYSIS = YES;
				CLANG_WARN_STRICT_PROTOTYPES = YES;
				CLANG_WARN_SUSPICIOUS_MOVE = YES;
				CLANG_WARN_UNREACHABLE_CODE = YES;
				CLANG_WARN__DUPLICATE_METHOD_MATCH = YES;
				"CODE_SIGN_IDENTITY[sdk=iphoneos*]" = "iPhone Developer";
				COPY_PHASE_STRIP = NO;
				DEBUG_INFORMATION_FORMAT = dwarf;
				ENABLE_STRICT_OBJC_MSGSEND = YES;
				ENABLE_TESTABILITY = YES;
				GCC_C_LANGUAGE_STANDARD = gnu99;
				GCC_DYNAMIC_NO_PIC = NO;
				GCC_NO_COMMON_BLOCKS = YES;
				GCC_OPTIMIZATION_LEVEL = 0;
				GCC_PREPROCESSOR_DEFINITIONS = (
					"DEBUG=1",
					"$(inherited)",
				);
				GCC_WARN_64_TO_32_BIT_CONVERSION = YES;
				GCC_WARN_ABOUT_RETURN_TYPE = YES_ERROR;
				GCC_WARN_UNDECLARED_SELECTOR = YES;
				GCC_WARN_UNINITIALIZED_AUTOS = YES_AGGRESSIVE;
				GCC_WARN_UNUSED_FUNCTION = YES;
				GCC_WARN_UNUSED_VARIABLE = YES;
				IPHONEOS_DEPLOYMENT_TARGET = 10.3;
				MTL_ENABLE_DEBUG_INFO = YES;
				ONLY_ACTIVE_ARCH = YES;
				SDKROOT = iphoneos;
				SWIFT_ACTIVE_COMPILATION_CONDITIONS = DEBUG;
				SWIFT_OPTIMIZATION_LEVEL = "-Onone";
				SWIFT_VERSION = 3.0;
				TARGETED_DEVICE_FAMILY = "1,2";
			};
			name = Debug;
		};
		FA2C55EA1F2338E100430C1F /* Release */ = {
			isa = XCBuildConfiguration;
			buildSettings = {
				ALWAYS_SEARCH_USER_PATHS = NO;
				CLANG_ANALYZER_NONNULL = YES;
				CLANG_ANALYZER_NUMBER_OBJECT_CONVERSION = YES_AGGRESSIVE;
				CLANG_CXX_LANGUAGE_STANDARD = "gnu++0x";
				CLANG_CXX_LIBRARY = "libc++";
				CLANG_ENABLE_MODULES = YES;
				CLANG_ENABLE_OBJC_ARC = YES;
				CLANG_WARN_BLOCK_CAPTURE_AUTORELEASING = YES;
				CLANG_WARN_BOOL_CONVERSION = YES;
				CLANG_WARN_COMMA = YES;
				CLANG_WARN_CONSTANT_CONVERSION = YES;
				CLANG_WARN_DIRECT_OBJC_ISA_USAGE = YES_ERROR;
				CLANG_WARN_DOCUMENTATION_COMMENTS = YES;
				CLANG_WARN_EMPTY_BODY = YES;
				CLANG_WARN_ENUM_CONVERSION = YES;
				CLANG_WARN_INFINITE_RECURSION = YES;
				CLANG_WARN_INT_CONVERSION = YES;
				CLANG_WARN_NON_LITERAL_NULL_CONVERSION = YES;
				CLANG_WARN_OBJC_LITERAL_CONVERSION = YES;
				CLANG_WARN_OBJC_ROOT_CLASS = YES_ERROR;
				CLANG_WARN_RANGE_LOOP_ANALYSIS = YES;
				CLANG_WARN_STRICT_PROTOTYPES = YES;
				CLANG_WARN_SUSPICIOUS_MOVE = YES;
				CLANG_WARN_UNREACHABLE_CODE = YES;
				CLANG_WARN__DUPLICATE_METHOD_MATCH = YES;
				"CODE_SIGN_IDENTITY[sdk=iphoneos*]" = "iPhone Developer";
				COPY_PHASE_STRIP = NO;
				DEBUG_INFORMATION_FORMAT = "dwarf-with-dsym";
				ENABLE_NS_ASSERTIONS = NO;
				ENABLE_STRICT_OBJC_MSGSEND = YES;
				GCC_C_LANGUAGE_STANDARD = gnu99;
				GCC_NO_COMMON_BLOCKS = YES;
				GCC_WARN_64_TO_32_BIT_CONVERSION = YES;
				GCC_WARN_ABOUT_RETURN_TYPE = YES_ERROR;
				GCC_WARN_UNDECLARED_SELECTOR = YES;
				GCC_WARN_UNINITIALIZED_AUTOS = YES_AGGRESSIVE;
				GCC_WARN_UNUSED_FUNCTION = YES;
				GCC_WARN_UNUSED_VARIABLE = YES;
				IPHONEOS_DEPLOYMENT_TARGET = 10.3;
				MTL_ENABLE_DEBUG_INFO = NO;
				SDKROOT = iphoneos;
				SWIFT_OPTIMIZATION_LEVEL = "-Owholemodule";
				SWIFT_VERSION = 3.0;
				TARGETED_DEVICE_FAMILY = "1,2";
				VALIDATE_PRODUCT = YES;
			};
			name = Release;
		};
		FA2C55EC1F2338E100430C1F /* Debug */ = {
			isa = XCBuildConfiguration;
			baseConfigurationReference = D889D8C716D677987AA722F5 /* Pods-Keddr.debug.xcconfig */;
			buildSettings = {
				ASSETCATALOG_COMPILER_APPICON_NAME = AppIcon;
				DEVELOPMENT_TEAM = 899H4EHHS7;
				INFOPLIST_FILE = Keddr/Info.plist;
				LD_RUNPATH_SEARCH_PATHS = "$(inherited) @executable_path/Frameworks";
				PRODUCT_BUNDLE_IDENTIFIER = com.DenisLItvin.Keddr;
				PRODUCT_NAME = "$(TARGET_NAME)";
				SWIFT_VERSION = 3.0;
			};
			name = Debug;
		};
		FA2C55ED1F2338E100430C1F /* Release */ = {
			isa = XCBuildConfiguration;
			baseConfigurationReference = F43D8F50AFBD258B6CEF7A8B /* Pods-Keddr.release.xcconfig */;
			buildSettings = {
				ASSETCATALOG_COMPILER_APPICON_NAME = AppIcon;
				DEVELOPMENT_TEAM = 899H4EHHS7;
				INFOPLIST_FILE = Keddr/Info.plist;
				LD_RUNPATH_SEARCH_PATHS = "$(inherited) @executable_path/Frameworks";
				PRODUCT_BUNDLE_IDENTIFIER = com.DenisLItvin.Keddr;
				PRODUCT_NAME = "$(TARGET_NAME)";
				SWIFT_VERSION = 3.0;
			};
			name = Release;
		};
/* End XCBuildConfiguration section */

/* Begin XCConfigurationList section */
		FA2C55D11F2338E100430C1F /* Build configuration list for PBXProject "Keddr" */ = {
			isa = XCConfigurationList;
			buildConfigurations = (
				FA2C55E91F2338E100430C1F /* Debug */,
				FA2C55EA1F2338E100430C1F /* Release */,
			);
			defaultConfigurationIsVisible = 0;
			defaultConfigurationName = Release;
		};
		FA2C55EB1F2338E100430C1F /* Build configuration list for PBXNativeTarget "Keddr" */ = {
			isa = XCConfigurationList;
			buildConfigurations = (
				FA2C55EC1F2338E100430C1F /* Debug */,
				FA2C55ED1F2338E100430C1F /* Release */,
			);
			defaultConfigurationIsVisible = 0;
			defaultConfigurationName = Release;
		};
/* End XCConfigurationList section */

/* Begin XCVersionGroup section */
		FA2C55E01F2338E100430C1F /* Keddr.xcdatamodeld */ = {
			isa = XCVersionGroup;
			children = (
				FA2C55E11F2338E100430C1F /* Keddr.xcdatamodel */,
			);
			currentVersion = FA2C55E11F2338E100430C1F /* Keddr.xcdatamodel */;
			path = Keddr.xcdatamodeld;
			sourceTree = "<group>";
			versionGroupType = wrapper.xcdatamodel;
		};
/* End XCVersionGroup section */
	};
	rootObject = FA2C55CE1F2338E100430C1F /* Project object */;
}
