// !$*UTF8*$!
{
	archiveVersion = 1;
	classes = {
	};
	objectVersion = 46;
	objects = {

/* Begin PBXBuildFile section */
		FA2C55DA1F2338E100430C1F /* AppDelegate.swift in Sources */ = {isa = PBXBuildFile; fileRef = FA2C55D91F2338E100430C1F /* AppDelegate.swift */; };
		FA2C55DC1F2338E100430C1F /* ViewController.swift in Sources */ = {isa = PBXBuildFile; fileRef = FA2C55DB1F2338E100430C1F /* ViewController.swift */; };
		FA2C55DF1F2338E100430C1F /* Main.storyboard in Resources */ = {isa = PBXBuildFile; fileRef = FA2C55DD1F2338E100430C1F /* Main.storyboard */; };
		FA2C55E21F2338E100430C1F /* Keddr.xcdatamodeld in Sources */ = {isa = PBXBuildFile; fileRef = FA2C55E01F2338E100430C1F /* Keddr.xcdatamodeld */; };
		FA2C55E41F2338E100430C1F /* Assets.xcassets in Resources */ = {isa = PBXBuildFile; fileRef = FA2C55E31F2338E100430C1F /* Assets.xcassets */; };
		FA2C55E71F2338E100430C1F /* LaunchScreen.storyboard in Resources */ = {isa = PBXBuildFile; fileRef = FA2C55E51F2338E100430C1F /* LaunchScreen.storyboard */; };
/* End PBXBuildFile section */

/* Begin PBXFileReference section */
		FA2C55D61F2338E100430C1F /* Keddr.app */ = {isa = PBXFileReference; explicitFileType = wrapper.application; includeInIndex = 0; path = Keddr.app; sourceTree = BUILT_PRODUCTS_DIR; };
		FA2C55D91F2338E100430C1F /* AppDelegate.swift */ = {isa = PBXFileReference; lastKnownFileType = sourcecode.swift; path = AppDelegate.swift; sourceTree = "<group>"; };
		FA2C55DB1F2338E100430C1F /* ViewController.swift */ = {isa = PBXFileReference; lastKnownFileType = sourcecode.swift; path = ViewController.swift; sourceTree = "<group>"; };
		FA2C55DE1F2338E100430C1F /* Base */ = {isa = PBXFileReference; lastKnownFileType = file.storyboard; name = Base; path = Base.lproj/Main.storyboard; sourceTree = "<group>"; };
		FA2C55E11F2338E100430C1F /* Keddr.xcdatamodel */ = {isa = PBXFileReference; lastKnownFileType = wrapper.xcdatamodel; path = Keddr.xcdatamodel; sourceTree = "<group>"; };
		FA2C55E31F2338E100430C1F /* Assets.xcassets */ = {isa = PBXFileReference; lastKnownFileType = folder.assetcatalog; path = Assets.xcassets; sourceTree = "<group>"; };
		FA2C55E61F2338E100430C1F /* Base */ = {isa = PBXFileReference; lastKnownFileType = file.storyboard; name = Base; path = Base.lproj/LaunchScreen.storyboard; sourceTree = "<group>"; };
		FA2C55E81F2338E100430C1F /* Info.plist */ = {isa = PBXFileReference; lastKnownFileType = text.plist.xml; path = Info.plist; sourceTree = "<group>"; };
/* End PBXFileReference section */

/* Begin PBXFrameworksBuildPhase section */
		FA2C55D31F2338E100430C1F /* Frameworks */ = {
			isa = PBXFrameworksBuildPhase;
			buildActionMask = 2147483647;
			files = (
			);
			runOnlyForDeploymentPostprocessing = 0;
		};
/* End PBXFrameworksBuildPhase section */

/* Begin PBXGroup section */
		FA2C55CD1F2338E100430C1F = {
			isa = PBXGroup;
			children = (
				FA2C55D81F2338E100430C1F /* Keddr */,
				FA2C55D71F2338E100430C1F /* Products */,
			);
			sourceTree = "<group>";
		};
		FA2C55D71F2338E100430C1F /* Products */ = {
			isa = PBXGroup;
			children = (
				FA2C55D61F2338E100430C1F /* Keddr.app */,
			);
			name = Products;
			sourceTree = "<group>";
		};
		FA2C55D81F2338E100430C1F /* Keddr */ = {
			isa = PBXGroup;
			children = (
				FA2C55D91F2338E100430C1F /* AppDelegate.swift */,
				FA2C55DB1F2338E100430C1F /* ViewController.swift */,
				FA2C55DD1F2338E100430C1F /* Main.storyboard */,
				FA2C55E31F2338E100430C1F /* Assets.xcassets */,
				FA2C55E51F2338E100430C1F /* LaunchScreen.storyboard */,
				FA2C55E81F2338E100430C1F /* Info.plist */,
				FA2C55E01F2338E100430C1F /* Keddr.xcdatamodeld */,
			);
			path = Keddr;
			sourceTree = "<group>";
		};
/* End PBXGroup section */

/* Begin PBXNativeTarget section */
		FA2C55D51F2338E100430C1F /* Keddr */ = {
			isa = PBXNativeTarget;
			buildConfigurationList = FA2C55EB1F2338E100430C1F /* Build configuration list for PBXNativeTarget "Keddr" */;
			buildPhases = (
				FA2C55D21F2338E100430C1F /* Sources */,
				FA2C55D31F2338E100430C1F /* Frameworks */,
				FA2C55D41F2338E100430C1F /* Resources */,
			);
			buildRules = (
			);
			dependencies = (
			);
			name = Keddr;
			productName = Keddr;
			productReference = FA2C55D61F2338E100430C1F /* Keddr.app */;
			productType = "com.apple.product-type.application";
		};
/* End PBXNativeTarget section */

/* Begin PBXProject section */
		FA2C55CE1F2338E100430C1F /* Project object */ = {
			isa = PBXProject;
			attributes = {
				LastSwiftUpdateCheck = 0830;
				LastUpgradeCheck = 0830;
				ORGANIZATIONNAME = DenisLitvin;
				TargetAttributes = {
					FA2C55D51F2338E100430C1F = {
						CreatedOnToolsVersion = 8.3.3;
						DevelopmentTeam = 899H4EHHS7;
						ProvisioningStyle = Automatic;
					};
				};
			};
			buildConfigurationList = FA2C55D11F2338E100430C1F /* Build configuration list for PBXProject "Keddr" */;
			compatibilityVersion = "Xcode 3.2";
			developmentRegion = English;
			hasScannedForEncodings = 0;
			knownRegions = (
				en,
				Base,
			);
			mainGroup = FA2C55CD1F2338E100430C1F;
			productRefGroup = FA2C55D71F2338E100430C1F /* Products */;
			projectDirPath = "";
			projectRoot = "";
			targets = (
				FA2C55D51F2338E100430C1F /* Keddr */,
			);
		};
/* End PBXProject section */

/* Begin PBXResourcesBuildPhase section */
		FA2C55D41F2338E100430C1F /* Resources */ = {
			isa = PBXResourcesBuildPhase;
			buildActionMask = 2147483647;
			files = (
				FA2C55E71F2338E100430C1F /* LaunchScreen.storyboard in Resources */,
				FA2C55E41F2338E100430C1F /* Assets.xcassets in Resources */,
				FA2C55DF1F2338E100430C1F /* Main.storyboard in Resources */,
			);
			runOnlyForDeploymentPostprocessing = 0;
		};
/* End PBXResourcesBuildPhase section */

/* Begin PBXSourcesBuildPhase section */
		FA2C55D21F2338E100430C1F /* Sources */ = {
			isa = PBXSourcesBuildPhase;
			buildActionMask = 2147483647;
			files = (
				FA2C55DC1F2338E100430C1F /* ViewController.swift in Sources */,
				FA2C55DA1F2338E100430C1F /* AppDelegate.swift in Sources */,
				FA2C55E21F2338E100430C1F /* Keddr.xcdatamodeld in Sources */,
			);
			runOnlyForDeploymentPostprocessing = 0;
		};
/* End PBXSourcesBuildPhase section */

/* Begin PBXVariantGroup section */
		FA2C55DD1F2338E100430C1F /* Main.storyboard */ = {
			isa = PBXVariantGroup;
			children = (
				FA2C55DE1F2338E100430C1F /* Base */,
			);
			name = Main.storyboard;
			sourceTree = "<group>";
		};
		FA2C55E51F2338E100430C1F /* LaunchScreen.storyboard */ = {
			isa = PBXVariantGroup;
			children = (
				FA2C55E61F2338E100430C1F /* Base */,
			);
			name = LaunchScreen.storyboard;
			sourceTree = "<group>";
		};
/* End PBXVariantGroup section */

/* Begin XCBuildConfiguration section */
		FA2C55E91F2338E100430C1F /* Debug */ = {
			isa = XCBuildConfiguration;
			buildSettings = {
				ALWAYS_SEARCH_USER_PATHS = NO;
				CLANG_ANALYZER_NONNULL = YES;
				CLANG_ANALYZER_NUMBER_OBJECT_CONVERSION = YES_AGGRESSIVE;
				CLANG_CXX_LANGUAGE_STANDARD = "gnu++0x";
				CLANG_CXX_LIBRARY = "libc++";
				CLANG_ENABLE_MODULES = YES;
				CLANG_ENABLE_OBJC_ARC = YES;
				CLANG_WARN_BOOL_CONVERSION = YES;
				CLANG_WARN_CONSTANT_CONVERSION = YES;
				CLANG_WARN_DIRECT_OBJC_ISA_USAGE = YES_ERROR;
				CLANG_WARN_DOCUMENTATION_COMMENTS = YES;
				CLANG_WARN_EMPTY_BODY = YES;
				CLANG_WARN_ENUM_CONVERSION = YES;
				CLANG_WARN_INFINITE_RECURSION = YES;
				CLANG_WARN_INT_CONVERSION = YES;
				CLANG_WARN_OBJC_ROOT_CLASS = YES_ERROR;
				CLANG_WARN_SUSPICIOUS_MOVE = YES;
				CLANG_WARN_UNREACHABLE_CODE = YES;
				CLANG_WARN__DUPLICATE_METHOD_MATCH = YES;
				"CODE_SIGN_IDENTITY[sdk=iphoneos*]" = "iPhone Developer";
				COPY_PHASE_STRIP = NO;
				DEBUG_INFORMATION_FORMAT = dwarf;
				ENABLE_STRICT_OBJC_MSGSEND = YES;
				ENABLE_TESTABILITY = YES;
				GCC_C_LANGUAGE_STANDARD = gnu99;
				GCC_DYNAMIC_NO_PIC = NO;
				GCC_NO_COMMON_BLOCKS = YES;
				GCC_OPTIMIZATION_LEVEL = 0;
				GCC_PREPROCESSOR_DEFINITIONS = (
					"DEBUG=1",
					"$(inherited)",
				);
				GCC_WARN_64_TO_32_BIT_CONVERSION = YES;
				GCC_WARN_ABOUT_RETURN_TYPE = YES_ERROR;
				GCC_WARN_UNDECLARED_SELECTOR = YES;
				GCC_WARN_UNINITIALIZED_AUTOS = YES_AGGRESSIVE;
				GCC_WARN_UNUSED_FUNCTION = YES;
				GCC_WARN_UNUSED_VARIABLE = YES;
				IPHONEOS_DEPLOYMENT_TARGET = 10.3;
				MTL_ENABLE_DEBUG_INFO = YES;
				ONLY_ACTIVE_ARCH = YES;
				SDKROOT = iphoneos;
				SWIFT_ACTIVE_COMPILATION_CONDITIONS = DEBUG;
				SWIFT_OPTIMIZATION_LEVEL = "-Onone";
				TARGETED_DEVICE_FAMILY = "1,2";
			};
			name = Debug;
		};
		FA2C55EA1F2338E100430C1F /* Release */ = {
			isa = XCBuildConfiguration;
			buildSettings = {
				ALWAYS_SEARCH_USER_PATHS = NO;
				CLANG_ANALYZER_NONNULL = YES;
				CLANG_ANALYZER_NUMBER_OBJECT_CONVERSION = YES_AGGRESSIVE;
				CLANG_CXX_LANGUAGE_STANDARD = "gnu++0x";
				CLANG_CXX_LIBRARY = "libc++";
				CLANG_ENABLE_MODULES = YES;
				CLANG_ENABLE_OBJC_ARC = YES;
				CLANG_WARN_BOOL_CONVERSION = YES;
				CLANG_WARN_CONSTANT_CONVERSION = YES;
				CLANG_WARN_DIRECT_OBJC_ISA_USAGE = YES_ERROR;
				CLANG_WARN_DOCUMENTATION_COMMENTS = YES;
				CLANG_WARN_EMPTY_BODY = YES;
				CLANG_WARN_ENUM_CONVERSION = YES;
				CLANG_WARN_INFINITE_RECURSION = YES;
				CLANG_WARN_INT_CONVERSION = YES;
				CLANG_WARN_OBJC_ROOT_CLASS = YES_ERROR;
				CLANG_WARN_SUSPICIOUS_MOVE = YES;
				CLANG_WARN_UNREACHABLE_CODE = YES;
				CLANG_WARN__DUPLICATE_METHOD_MATCH = YES;
				"CODE_SIGN_IDENTITY[sdk=iphoneos*]" = "iPhone Developer";
				COPY_PHASE_STRIP = NO;
				DEBUG_INFORMATION_FORMAT = "dwarf-with-dsym";
				ENABLE_NS_ASSERTIONS = NO;
				ENABLE_STRICT_OBJC_MSGSEND = YES;
				GCC_C_LANGUAGE_STANDARD = gnu99;
				GCC_NO_COMMON_BLOCKS = YES;
				GCC_WARN_64_TO_32_BIT_CONVERSION = YES;
				GCC_WARN_ABOUT_RETURN_TYPE = YES_ERROR;
				GCC_WARN_UNDECLARED_SELECTOR = YES;
				GCC_WARN_UNINITIALIZED_AUTOS = YES_AGGRESSIVE;
				GCC_WARN_UNUSED_FUNCTION = YES;
				GCC_WARN_UNUSED_VARIABLE = YES;
				IPHONEOS_DEPLOYMENT_TARGET = 10.3;
				MTL_ENABLE_DEBUG_INFO = NO;
				SDKROOT = iphoneos;
				SWIFT_OPTIMIZATION_LEVEL = "-Owholemodule";
				TARGETED_DEVICE_FAMILY = "1,2";
				VALIDATE_PRODUCT = YES;
			};
			name = Release;
		};
		FA2C55EC1F2338E100430C1F /* Debug */ = {
			isa = XCBuildConfiguration;
			buildSettings = {
				ASSETCATALOG_COMPILER_APPICON_NAME = AppIcon;
				DEVELOPMENT_TEAM = 899H4EHHS7;
				INFOPLIST_FILE = Keddr/Info.plist;
				LD_RUNPATH_SEARCH_PATHS = "$(inherited) @executable_path/Frameworks";
				PRODUCT_BUNDLE_IDENTIFIER = com.DenisLItvin.Keddr;
				PRODUCT_NAME = "$(TARGET_NAME)";
				SWIFT_VERSION = 3.0;
			};
			name = Debug;
		};
		FA2C55ED1F2338E100430C1F /* Release */ = {
			isa = XCBuildConfiguration;
			buildSettings = {
				ASSETCATALOG_COMPILER_APPICON_NAME = AppIcon;
				DEVELOPMENT_TEAM = 899H4EHHS7;
				INFOPLIST_FILE = Keddr/Info.plist;
				LD_RUNPATH_SEARCH_PATHS = "$(inherited) @executable_path/Frameworks";
				PRODUCT_BUNDLE_IDENTIFIER = com.DenisLItvin.Keddr;
				PRODUCT_NAME = "$(TARGET_NAME)";
				SWIFT_VERSION = 3.0;
			};
			name = Release;
		};
/* End XCBuildConfiguration section */

/* Begin XCConfigurationList section */
		FA2C55D11F2338E100430C1F /* Build configuration list for PBXProject "Keddr" */ = {
			isa = XCConfigurationList;
			buildConfigurations = (
				FA2C55E91F2338E100430C1F /* Debug */,
				FA2C55EA1F2338E100430C1F /* Release */,
			);
			defaultConfigurationIsVisible = 0;
			defaultConfigurationName = Release;
		};
		FA2C55EB1F2338E100430C1F /* Build configuration list for PBXNativeTarget "Keddr" */ = {
			isa = XCConfigurationList;
			buildConfigurations = (
				FA2C55EC1F2338E100430C1F /* Debug */,
				FA2C55ED1F2338E100430C1F /* Release */,
			);
			defaultConfigurationIsVisible = 0;
		};
/* End XCConfigurationList section */

/* Begin XCVersionGroup section */
		FA2C55E01F2338E100430C1F /* Keddr.xcdatamodeld */ = {
			isa = XCVersionGroup;
			children = (
				FA2C55E11F2338E100430C1F /* Keddr.xcdatamodel */,
			);
			currentVersion = FA2C55E11F2338E100430C1F /* Keddr.xcdatamodel */;
			path = Keddr.xcdatamodeld;
			sourceTree = "<group>";
			versionGroupType = wrapper.xcdatamodel;
		};
/* End XCVersionGroup section */
	};
	rootObject = FA2C55CE1F2338E100430C1F /* Project object */;
}
